// !$*UTF8*$!
{
	archiveVersion = 1;
	classes = {
	};
	objectVersion = 56;
	objects = {

/* Begin PBXBuildFile section */
		16A942F837952C3348EB1212 /* Pods_MeetL.framework in Frameworks */ = {isa = PBXBuildFile; fileRef = E2F6ABADBF0FBEFF23160DB4 /* Pods_MeetL.framework */; };
		7A0789AB2B83C61400EBE3D6 /* AppDelegate.swift in Sources */ = {isa = PBXBuildFile; fileRef = 7A0789AA2B83C61400EBE3D6 /* AppDelegate.swift */; };
		7A0789AD2B83C61400EBE3D6 /* SceneDelegate.swift in Sources */ = {isa = PBXBuildFile; fileRef = 7A0789AC2B83C61400EBE3D6 /* SceneDelegate.swift */; };
		7A0789AF2B83C61400EBE3D6 /* ViewController.swift in Sources */ = {isa = PBXBuildFile; fileRef = 7A0789AE2B83C61400EBE3D6 /* ViewController.swift */; };
		7A0789B22B83C61400EBE3D6 /* Main.storyboard in Resources */ = {isa = PBXBuildFile; fileRef = 7A0789B02B83C61400EBE3D6 /* Main.storyboard */; };
		7A0789B52B83C61400EBE3D6 /* MeetL.xcdatamodeld in Sources */ = {isa = PBXBuildFile; fileRef = 7A0789B32B83C61400EBE3D6 /* MeetL.xcdatamodeld */; };
		7A0789B72B83C61500EBE3D6 /* Assets.xcassets in Resources */ = {isa = PBXBuildFile; fileRef = 7A0789B62B83C61500EBE3D6 /* Assets.xcassets */; };
		7A0789BA2B83C61500EBE3D6 /* LaunchScreen.storyboard in Resources */ = {isa = PBXBuildFile; fileRef = 7A0789B82B83C61500EBE3D6 /* LaunchScreen.storyboard */; };
		7A0789C22B83C66F00EBE3D6 /* UserLoadService.swift in Sources */ = {isa = PBXBuildFile; fileRef = 7A0789C12B83C66E00EBE3D6 /* UserLoadService.swift */; };
		7A0789C42B83C6E800EBE3D6 /* Constants.swift in Sources */ = {isa = PBXBuildFile; fileRef = 7A0789C32B83C6E800EBE3D6 /* Constants.swift */; };
		7A0789CA2B83D1C200EBE3D6 /* UserViewModel.swift in Sources */ = {isa = PBXBuildFile; fileRef = 7A0789C92B83D1C100EBE3D6 /* UserViewModel.swift */; };
		7A0789CE2B84C41000EBE3D6 /* User.swift in Sources */ = {isa = PBXBuildFile; fileRef = 7A0789CD2B84C41000EBE3D6 /* User.swift */; };
		7A0789D02B84C4D200EBE3D6 /* UserModel.swift in Sources */ = {isa = PBXBuildFile; fileRef = 7A0789CF2B84C4D200EBE3D6 /* UserModel.swift */; };
		7A0789E32B88F0DE00EBE3D6 /* UserCard.xib in Resources */ = {isa = PBXBuildFile; fileRef = 7A0789E22B88F0DE00EBE3D6 /* UserCard.xib */; };
		7A0789E52B88F0E800EBE3D6 /* UserCard.swift in Sources */ = {isa = PBXBuildFile; fileRef = 7A0789E42B88F0E800EBE3D6 /* UserCard.swift */; };
		7A07E7A22B8E56F400E9B277 /* UserDetails.storyboard in Resources */ = {isa = PBXBuildFile; fileRef = 7A07E7A12B8E56F400E9B277 /* UserDetails.storyboard */; };
		7A07E7A42B8E570D00E9B277 /* UserDetails.swift in Sources */ = {isa = PBXBuildFile; fileRef = 7A07E7A32B8E570D00E9B277 /* UserDetails.swift */; };
		7A3DADCE2B8A7FBB00142CC7 /* UserData+CoreDataClass.swift in Sources */ = {isa = PBXBuildFile; fileRef = 7A3DADCC2B8A7FBB00142CC7 /* UserData+CoreDataClass.swift */; };
		7A3DADCF2B8A7FBB00142CC7 /* UserData+CoreDataProperties.swift in Sources */ = {isa = PBXBuildFile; fileRef = 7A3DADCD2B8A7FBB00142CC7 /* UserData+CoreDataProperties.swift */; };
		7A3DADD22B8A800200142CC7 /* CoreDataService.swift in Sources */ = {isa = PBXBuildFile; fileRef = 7A3DADD12B8A800200142CC7 /* CoreDataService.swift */; };
/* End PBXBuildFile section */

/* Begin PBXFileReference section */
		5AF5AE12762C4287347D5DA6 /* Pods-MeetL.debug.xcconfig */ = {isa = PBXFileReference; includeInIndex = 1; lastKnownFileType = text.xcconfig; name = "Pods-MeetL.debug.xcconfig"; path = "Target Support Files/Pods-MeetL/Pods-MeetL.debug.xcconfig"; sourceTree = "<group>"; };
		7A0789A72B83C61400EBE3D6 /* MeetL.app */ = {isa = PBXFileReference; explicitFileType = wrapper.application; includeInIndex = 0; path = MeetL.app; sourceTree = BUILT_PRODUCTS_DIR; };
		7A0789AA2B83C61400EBE3D6 /* AppDelegate.swift */ = {isa = PBXFileReference; lastKnownFileType = sourcecode.swift; path = AppDelegate.swift; sourceTree = "<group>"; };
		7A0789AC2B83C61400EBE3D6 /* SceneDelegate.swift */ = {isa = PBXFileReference; lastKnownFileType = sourcecode.swift; path = SceneDelegate.swift; sourceTree = "<group>"; };
		7A0789AE2B83C61400EBE3D6 /* ViewController.swift */ = {isa = PBXFileReference; lastKnownFileType = sourcecode.swift; path = ViewController.swift; sourceTree = "<group>"; };
		7A0789B12B83C61400EBE3D6 /* Base */ = {isa = PBXFileReference; lastKnownFileType = file.storyboard; name = Base; path = Base.lproj/Main.storyboard; sourceTree = "<group>"; };
		7A0789B42B83C61400EBE3D6 /* MeetL.xcdatamodel */ = {isa = PBXFileReference; lastKnownFileType = wrapper.xcdatamodel; path = MeetL.xcdatamodel; sourceTree = "<group>"; };
		7A0789B62B83C61500EBE3D6 /* Assets.xcassets */ = {isa = PBXFileReference; lastKnownFileType = folder.assetcatalog; path = Assets.xcassets; sourceTree = "<group>"; };
		7A0789B92B83C61500EBE3D6 /* Base */ = {isa = PBXFileReference; lastKnownFileType = file.storyboard; name = Base; path = Base.lproj/LaunchScreen.storyboard; sourceTree = "<group>"; };
		7A0789BB2B83C61500EBE3D6 /* Info.plist */ = {isa = PBXFileReference; lastKnownFileType = text.plist.xml; path = Info.plist; sourceTree = "<group>"; };
		7A0789C12B83C66E00EBE3D6 /* UserLoadService.swift */ = {isa = PBXFileReference; lastKnownFileType = sourcecode.swift; path = UserLoadService.swift; sourceTree = "<group>"; };
		7A0789C32B83C6E800EBE3D6 /* Constants.swift */ = {isa = PBXFileReference; lastKnownFileType = sourcecode.swift; path = Constants.swift; sourceTree = "<group>"; };
		7A0789C92B83D1C100EBE3D6 /* UserViewModel.swift */ = {isa = PBXFileReference; lastKnownFileType = sourcecode.swift; path = UserViewModel.swift; sourceTree = "<group>"; };
		7A0789CD2B84C41000EBE3D6 /* User.swift */ = {isa = PBXFileReference; lastKnownFileType = sourcecode.swift; path = User.swift; sourceTree = "<group>"; };
		7A0789CF2B84C4D200EBE3D6 /* UserModel.swift */ = {isa = PBXFileReference; lastKnownFileType = sourcecode.swift; path = UserModel.swift; sourceTree = "<group>"; };
		7A0789E22B88F0DE00EBE3D6 /* UserCard.xib */ = {isa = PBXFileReference; lastKnownFileType = file.xib; path = UserCard.xib; sourceTree = "<group>"; };
		7A0789E42B88F0E800EBE3D6 /* UserCard.swift */ = {isa = PBXFileReference; lastKnownFileType = sourcecode.swift; path = UserCard.swift; sourceTree = "<group>"; };
		7A07E7A12B8E56F400E9B277 /* UserDetails.storyboard */ = {isa = PBXFileReference; lastKnownFileType = file.storyboard; path = UserDetails.storyboard; sourceTree = "<group>"; };
		7A07E7A32B8E570D00E9B277 /* UserDetails.swift */ = {isa = PBXFileReference; lastKnownFileType = sourcecode.swift; path = UserDetails.swift; sourceTree = "<group>"; };
		7A3DADCC2B8A7FBB00142CC7 /* UserData+CoreDataClass.swift */ = {isa = PBXFileReference; lastKnownFileType = sourcecode.swift; path = "UserData+CoreDataClass.swift"; sourceTree = "<group>"; };
		7A3DADCD2B8A7FBB00142CC7 /* UserData+CoreDataProperties.swift */ = {isa = PBXFileReference; lastKnownFileType = sourcecode.swift; path = "UserData+CoreDataProperties.swift"; sourceTree = "<group>"; };
		7A3DADD12B8A800200142CC7 /* CoreDataService.swift */ = {isa = PBXFileReference; lastKnownFileType = sourcecode.swift; path = CoreDataService.swift; sourceTree = "<group>"; };
		B599D8F77B6CE3D8AC56AE87 /* Pods-MeetL.release.xcconfig */ = {isa = PBXFileReference; includeInIndex = 1; lastKnownFileType = text.xcconfig; name = "Pods-MeetL.release.xcconfig"; path = "Target Support Files/Pods-MeetL/Pods-MeetL.release.xcconfig"; sourceTree = "<group>"; };
		E2F6ABADBF0FBEFF23160DB4 /* Pods_MeetL.framework */ = {isa = PBXFileReference; explicitFileType = wrapper.framework; includeInIndex = 0; path = Pods_MeetL.framework; sourceTree = BUILT_PRODUCTS_DIR; };
/* End PBXFileReference section */

/* Begin PBXFrameworksBuildPhase section */
		7A0789A42B83C61400EBE3D6 /* Frameworks */ = {
			isa = PBXFrameworksBuildPhase;
			buildActionMask = 2147483647;
			files = (
				16A942F837952C3348EB1212 /* Pods_MeetL.framework in Frameworks */,
			);
			runOnlyForDeploymentPostprocessing = 0;
		};
/* End PBXFrameworksBuildPhase section */

/* Begin PBXGroup section */
		65106760CB96CF3FE600282F /* Pods */ = {
			isa = PBXGroup;
			children = (
				5AF5AE12762C4287347D5DA6 /* Pods-MeetL.debug.xcconfig */,
				B599D8F77B6CE3D8AC56AE87 /* Pods-MeetL.release.xcconfig */,
			);
			name = Pods;
			path = Pods;
			sourceTree = "<group>";
		};
		7A07899E2B83C61400EBE3D6 = {
			isa = PBXGroup;
			children = (
				7A0789A92B83C61400EBE3D6 /* MeetL */,
				7A0789A82B83C61400EBE3D6 /* Products */,
				65106760CB96CF3FE600282F /* Pods */,
				CA1B9F0420DAD51F3B123F58 /* Frameworks */,
			);
			sourceTree = "<group>";
		};
		7A0789A82B83C61400EBE3D6 /* Products */ = {
			isa = PBXGroup;
			children = (
				7A0789A72B83C61400EBE3D6 /* MeetL.app */,
			);
			name = Products;
			sourceTree = "<group>";
		};
		7A0789A92B83C61400EBE3D6 /* MeetL */ = {
			isa = PBXGroup;
			children = (
				7A3DADD32B8A801300142CC7 /* CoreDataFiles */,
				7A0789D32B84E82C00EBE3D6 /* Services */,
				7A0789AA2B83C61400EBE3D6 /* AppDelegate.swift */,
				7A0789AC2B83C61400EBE3D6 /* SceneDelegate.swift */,
				7A0789D12B84C57000EBE3D6 /* User */,
				7A0789C32B83C6E800EBE3D6 /* Constants.swift */,
				7A0789B62B83C61500EBE3D6 /* Assets.xcassets */,
				7A0789B82B83C61500EBE3D6 /* LaunchScreen.storyboard */,
				7A0789BB2B83C61500EBE3D6 /* Info.plist */,
				7A0789B32B83C61400EBE3D6 /* MeetL.xcdatamodeld */,
			);
			path = MeetL;
			sourceTree = "<group>";
		};
		7A0789D12B84C57000EBE3D6 /* User */ = {
			isa = PBXGroup;
			children = (
				7A0789DB2B88D0BD00EBE3D6 /* Views */,
				7A3DADD02B8A7FE300142CC7 /* ViewModels */,
				7A0789D22B84C58200EBE3D6 /* Models */,
			);
			path = User;
			sourceTree = "<group>";
		};
		7A0789D22B84C58200EBE3D6 /* Models */ = {
			isa = PBXGroup;
			children = (
				7A0789CD2B84C41000EBE3D6 /* User.swift */,
				7A0789CF2B84C4D200EBE3D6 /* UserModel.swift */,
			);
			path = Models;
			sourceTree = "<group>";
		};
		7A0789D32B84E82C00EBE3D6 /* Services */ = {
			isa = PBXGroup;
			children = (
				7A0789C12B83C66E00EBE3D6 /* UserLoadService.swift */,
				7A3DADD12B8A800200142CC7 /* CoreDataService.swift */,
			);
			path = Services;
			sourceTree = "<group>";
		};
		7A0789DB2B88D0BD00EBE3D6 /* Views */ = {
			isa = PBXGroup;
			children = (
				7A07E7A72B8E572C00E9B277 /* Main */,
				7A07E7A62B8E572500E9B277 /* Card */,
				7A07E7A52B8E571600E9B277 /* Details */,
			);
			path = Views;
			sourceTree = "<group>";
		};
		7A07E7A52B8E571600E9B277 /* Details */ = {
			isa = PBXGroup;
			children = (
				7A07E7A12B8E56F400E9B277 /* UserDetails.storyboard */,
				7A07E7A32B8E570D00E9B277 /* UserDetails.swift */,
			);
			path = Details;
			sourceTree = "<group>";
		};
		7A07E7A62B8E572500E9B277 /* Card */ = {
			isa = PBXGroup;
			children = (
				7A0789E22B88F0DE00EBE3D6 /* UserCard.xib */,
				7A0789E42B88F0E800EBE3D6 /* UserCard.swift */,
			);
			path = Card;
			sourceTree = "<group>";
		};
		7A07E7A72B8E572C00E9B277 /* Main */ = {
			isa = PBXGroup;
			children = (
				7A0789B02B83C61400EBE3D6 /* Main.storyboard */,
				7A0789AE2B83C61400EBE3D6 /* ViewController.swift */,
			);
			path = Main;
			sourceTree = "<group>";
		};
		7A3DADD02B8A7FE300142CC7 /* ViewModels */ = {
			isa = PBXGroup;
			children = (
				7A0789C92B83D1C100EBE3D6 /* UserViewModel.swift */,
			);
			path = ViewModels;
			sourceTree = "<group>";
		};
		7A3DADD32B8A801300142CC7 /* CoreDataFiles */ = {
			isa = PBXGroup;
			children = (
				7A3DADCC2B8A7FBB00142CC7 /* UserData+CoreDataClass.swift */,
				7A3DADCD2B8A7FBB00142CC7 /* UserData+CoreDataProperties.swift */,
			);
			path = CoreDataFiles;
			sourceTree = "<group>";
		};
		CA1B9F0420DAD51F3B123F58 /* Frameworks */ = {
			isa = PBXGroup;
			children = (
				E2F6ABADBF0FBEFF23160DB4 /* Pods_MeetL.framework */,
			);
			name = Frameworks;
			sourceTree = "<group>";
		};
/* End PBXGroup section */

/* Begin PBXNativeTarget section */
		7A0789A62B83C61400EBE3D6 /* MeetL */ = {
			isa = PBXNativeTarget;
			buildConfigurationList = 7A0789BE2B83C61500EBE3D6 /* Build configuration list for PBXNativeTarget "MeetL" */;
			buildPhases = (
				6387C7FA8C1A71F1056760B3 /* [CP] Check Pods Manifest.lock */,
				7A0789A32B83C61400EBE3D6 /* Sources */,
				7A0789A42B83C61400EBE3D6 /* Frameworks */,
				7A0789A52B83C61400EBE3D6 /* Resources */,
				38F0A8785F0D36A99DFB18BC /* [CP] Embed Pods Frameworks */,
			);
			buildRules = (
			);
			dependencies = (
			);
			name = MeetL;
			productName = MeetL;
			productReference = 7A0789A72B83C61400EBE3D6 /* MeetL.app */;
			productType = "com.apple.product-type.application";
		};
/* End PBXNativeTarget section */

/* Begin PBXProject section */
		7A07899F2B83C61400EBE3D6 /* Project object */ = {
			isa = PBXProject;
			attributes = {
				BuildIndependentTargetsInParallel = 1;
				LastSwiftUpdateCheck = 1520;
				LastUpgradeCheck = 1520;
				TargetAttributes = {
					7A0789A62B83C61400EBE3D6 = {
						CreatedOnToolsVersion = 15.2;
					};
				};
			};
			buildConfigurationList = 7A0789A22B83C61400EBE3D6 /* Build configuration list for PBXProject "MeetL" */;
			compatibilityVersion = "Xcode 14.0";
			developmentRegion = en;
			hasScannedForEncodings = 0;
			knownRegions = (
				en,
				Base,
			);
			mainGroup = 7A07899E2B83C61400EBE3D6;
			productRefGroup = 7A0789A82B83C61400EBE3D6 /* Products */;
			projectDirPath = "";
			projectRoot = "";
			targets = (
				7A0789A62B83C61400EBE3D6 /* MeetL */,
			);
		};
/* End PBXProject section */

/* Begin PBXResourcesBuildPhase section */
		7A0789A52B83C61400EBE3D6 /* Resources */ = {
			isa = PBXResourcesBuildPhase;
			buildActionMask = 2147483647;
			files = (
				7A0789BA2B83C61500EBE3D6 /* LaunchScreen.storyboard in Resources */,
				7A0789B72B83C61500EBE3D6 /* Assets.xcassets in Resources */,
				7A0789E32B88F0DE00EBE3D6 /* UserCard.xib in Resources */,
				7A07E7A22B8E56F400E9B277 /* UserDetails.storyboard in Resources */,
				7A0789B22B83C61400EBE3D6 /* Main.storyboard in Resources */,
			);
			runOnlyForDeploymentPostprocessing = 0;
		};
/* End PBXResourcesBuildPhase section */

/* Begin PBXShellScriptBuildPhase section */
		38F0A8785F0D36A99DFB18BC /* [CP] Embed Pods Frameworks */ = {
			isa = PBXShellScriptBuildPhase;
			buildActionMask = 2147483647;
			files = (
			);
			inputFileListPaths = (
				"${PODS_ROOT}/Target Support Files/Pods-MeetL/Pods-MeetL-frameworks-${CONFIGURATION}-input-files.xcfilelist",
			);
			name = "[CP] Embed Pods Frameworks";
			outputFileListPaths = (
				"${PODS_ROOT}/Target Support Files/Pods-MeetL/Pods-MeetL-frameworks-${CONFIGURATION}-output-files.xcfilelist",
			);
			runOnlyForDeploymentPostprocessing = 0;
			shellPath = /bin/sh;
			shellScript = "\"${PODS_ROOT}/Target Support Files/Pods-MeetL/Pods-MeetL-frameworks.sh\"\n";
			showEnvVarsInLog = 0;
		};
		6387C7FA8C1A71F1056760B3 /* [CP] Check Pods Manifest.lock */ = {
			isa = PBXShellScriptBuildPhase;
			buildActionMask = 2147483647;
			files = (
			);
			inputFileListPaths = (
			);
			inputPaths = (
				"${PODS_PODFILE_DIR_PATH}/Podfile.lock",
				"${PODS_ROOT}/Manifest.lock",
			);
			name = "[CP] Check Pods Manifest.lock";
			outputFileListPaths = (
			);
			outputPaths = (
				"$(DERIVED_FILE_DIR)/Pods-MeetL-checkManifestLockResult.txt",
			);
			runOnlyForDeploymentPostprocessing = 0;
			shellPath = /bin/sh;
			shellScript = "diff \"${PODS_PODFILE_DIR_PATH}/Podfile.lock\" \"${PODS_ROOT}/Manifest.lock\" > /dev/null\nif [ $? != 0 ] ; then\n    # print error to STDERR\n    echo \"error: The sandbox is not in sync with the Podfile.lock. Run 'pod install' or update your CocoaPods installation.\" >&2\n    exit 1\nfi\n# This output is used by Xcode 'outputs' to avoid re-running this script phase.\necho \"SUCCESS\" > \"${SCRIPT_OUTPUT_FILE_0}\"\n";
			showEnvVarsInLog = 0;
		};
/* End PBXShellScriptBuildPhase section */

/* Begin PBXSourcesBuildPhase section */
		7A0789A32B83C61400EBE3D6 /* Sources */ = {
			isa = PBXSourcesBuildPhase;
			buildActionMask = 2147483647;
			files = (
				7A3DADCF2B8A7FBB00142CC7 /* UserData+CoreDataProperties.swift in Sources */,
				7A3DADD22B8A800200142CC7 /* CoreDataService.swift in Sources */,
				7A0789AF2B83C61400EBE3D6 /* ViewController.swift in Sources */,
				7A0789CA2B83D1C200EBE3D6 /* UserViewModel.swift in Sources */,
				7A3DADCE2B8A7FBB00142CC7 /* UserData+CoreDataClass.swift in Sources */,
				7A0789B52B83C61400EBE3D6 /* MeetL.xcdatamodeld in Sources */,
				7A0789C22B83C66F00EBE3D6 /* UserLoadService.swift in Sources */,
				7A0789AB2B83C61400EBE3D6 /* AppDelegate.swift in Sources */,
				7A0789CE2B84C41000EBE3D6 /* User.swift in Sources */,
				7A0789AD2B83C61400EBE3D6 /* SceneDelegate.swift in Sources */,
				7A0789C42B83C6E800EBE3D6 /* Constants.swift in Sources */,
				7A07E7A42B8E570D00E9B277 /* UserDetails.swift in Sources */,
				7A0789D02B84C4D200EBE3D6 /* UserModel.swift in Sources */,
				7A0789E52B88F0E800EBE3D6 /* UserCard.swift in Sources */,
			);
			runOnlyForDeploymentPostprocessing = 0;
		};
/* End PBXSourcesBuildPhase section */

/* Begin PBXVariantGroup section */
		7A0789B02B83C61400EBE3D6 /* Main.storyboard */ = {
			isa = PBXVariantGroup;
			children = (
				7A0789B12B83C61400EBE3D6 /* Base */,
			);
			name = Main.storyboard;
			sourceTree = "<group>";
		};
		7A0789B82B83C61500EBE3D6 /* LaunchScreen.storyboard */ = {
			isa = PBXVariantGroup;
			children = (
				7A0789B92B83C61500EBE3D6 /* Base */,
			);
			name = LaunchScreen.storyboard;
			sourceTree = "<group>";
		};
/* End PBXVariantGroup section */

/* Begin XCBuildConfiguration section */
		7A0789BC2B83C61500EBE3D6 /* Debug */ = {
			isa = XCBuildConfiguration;
			buildSettings = {
				ALWAYS_SEARCH_USER_PATHS = NO;
				ASSETCATALOG_COMPILER_GENERATE_SWIFT_ASSET_SYMBOL_EXTENSIONS = YES;
				CLANG_ANALYZER_NONNULL = YES;
				CLANG_ANALYZER_NUMBER_OBJECT_CONVERSION = YES_AGGRESSIVE;
				CLANG_CXX_LANGUAGE_STANDARD = "gnu++20";
				CLANG_ENABLE_MODULES = YES;
				CLANG_ENABLE_OBJC_ARC = YES;
				CLANG_ENABLE_OBJC_WEAK = YES;
				CLANG_WARN_BLOCK_CAPTURE_AUTORELEASING = YES;
				CLANG_WARN_BOOL_CONVERSION = YES;
				CLANG_WARN_COMMA = YES;
				CLANG_WARN_CONSTANT_CONVERSION = YES;
				CLANG_WARN_DEPRECATED_OBJC_IMPLEMENTATIONS = YES;
				CLANG_WARN_DIRECT_OBJC_ISA_USAGE = YES_ERROR;
				CLANG_WARN_DOCUMENTATION_COMMENTS = YES;
				CLANG_WARN_EMPTY_BODY = YES;
				CLANG_WARN_ENUM_CONVERSION = YES;
				CLANG_WARN_INFINITE_RECURSION = YES;
				CLANG_WARN_INT_CONVERSION = YES;
				CLANG_WARN_NON_LITERAL_NULL_CONVERSION = YES;
				CLANG_WARN_OBJC_IMPLICIT_RETAIN_SELF = YES;
				CLANG_WARN_OBJC_LITERAL_CONVERSION = YES;
				CLANG_WARN_OBJC_ROOT_CLASS = YES_ERROR;
				CLANG_WARN_QUOTED_INCLUDE_IN_FRAMEWORK_HEADER = YES;
				CLANG_WARN_RANGE_LOOP_ANALYSIS = YES;
				CLANG_WARN_STRICT_PROTOTYPES = YES;
				CLANG_WARN_SUSPICIOUS_MOVE = YES;
				CLANG_WARN_UNGUARDED_AVAILABILITY = YES_AGGRESSIVE;
				CLANG_WARN_UNREACHABLE_CODE = YES;
				CLANG_WARN__DUPLICATE_METHOD_MATCH = YES;
				COPY_PHASE_STRIP = NO;
				DEBUG_INFORMATION_FORMAT = dwarf;
				ENABLE_STRICT_OBJC_MSGSEND = YES;
				ENABLE_TESTABILITY = YES;
				ENABLE_USER_SCRIPT_SANDBOXING = YES;
				GCC_C_LANGUAGE_STANDARD = gnu17;
				GCC_DYNAMIC_NO_PIC = NO;
				GCC_NO_COMMON_BLOCKS = YES;
				GCC_OPTIMIZATION_LEVEL = 0;
				GCC_PREPROCESSOR_DEFINITIONS = (
					"DEBUG=1",
					"$(inherited)",
				);
				GCC_WARN_64_TO_32_BIT_CONVERSION = YES;
				GCC_WARN_ABOUT_RETURN_TYPE = YES_ERROR;
				GCC_WARN_UNDECLARED_SELECTOR = YES;
				GCC_WARN_UNINITIALIZED_AUTOS = YES_AGGRESSIVE;
				GCC_WARN_UNUSED_FUNCTION = YES;
				GCC_WARN_UNUSED_VARIABLE = YES;
				IPHONEOS_DEPLOYMENT_TARGET = 17.2;
				LOCALIZATION_PREFERS_STRING_CATALOGS = YES;
				MTL_ENABLE_DEBUG_INFO = INCLUDE_SOURCE;
				MTL_FAST_MATH = YES;
				ONLY_ACTIVE_ARCH = YES;
				SDKROOT = iphoneos;
				SWIFT_ACTIVE_COMPILATION_CONDITIONS = "DEBUG $(inherited)";
				SWIFT_OPTIMIZATION_LEVEL = "-Onone";
			};
			name = Debug;
		};
		7A0789BD2B83C61500EBE3D6 /* Release */ = {
			isa = XCBuildConfiguration;
			buildSettings = {
				ALWAYS_SEARCH_USER_PATHS = NO;
				ASSETCATALOG_COMPILER_GENERATE_SWIFT_ASSET_SYMBOL_EXTENSIONS = YES;
				CLANG_ANALYZER_NONNULL = YES;
				CLANG_ANALYZER_NUMBER_OBJECT_CONVERSION = YES_AGGRESSIVE;
				CLANG_CXX_LANGUAGE_STANDARD = "gnu++20";
				CLANG_ENABLE_MODULES = YES;
				CLANG_ENABLE_OBJC_ARC = YES;
				CLANG_ENABLE_OBJC_WEAK = YES;
				CLANG_WARN_BLOCK_CAPTURE_AUTORELEASING = YES;
				CLANG_WARN_BOOL_CONVERSION = YES;
				CLANG_WARN_COMMA = YES;
				CLANG_WARN_CONSTANT_CONVERSION = YES;
				CLANG_WARN_DEPRECATED_OBJC_IMPLEMENTATIONS = YES;
				CLANG_WARN_DIRECT_OBJC_ISA_USAGE = YES_ERROR;
				CLANG_WARN_DOCUMENTATION_COMMENTS = YES;
				CLANG_WARN_EMPTY_BODY = YES;
				CLANG_WARN_ENUM_CONVERSION = YES;
				CLANG_WARN_INFINITE_RECURSION = YES;
				CLANG_WARN_INT_CONVERSION = YES;
				CLANG_WARN_NON_LITERAL_NULL_CONVERSION = YES;
				CLANG_WARN_OBJC_IMPLICIT_RETAIN_SELF = YES;
				CLANG_WARN_OBJC_LITERAL_CONVERSION = YES;
				CLANG_WARN_OBJC_ROOT_CLASS = YES_ERROR;
				CLANG_WARN_QUOTED_INCLUDE_IN_FRAMEWORK_HEADER = YES;
				CLANG_WARN_RANGE_LOOP_ANALYSIS = YES;
				CLANG_WARN_STRICT_PROTOTYPES = YES;
				CLANG_WARN_SUSPICIOUS_MOVE = YES;
				CLANG_WARN_UNGUARDED_AVAILABILITY = YES_AGGRESSIVE;
				CLANG_WARN_UNREACHABLE_CODE = YES;
				CLANG_WARN__DUPLICATE_METHOD_MATCH = YES;
				COPY_PHASE_STRIP = NO;
				DEBUG_INFORMATION_FORMAT = "dwarf-with-dsym";
				ENABLE_NS_ASSERTIONS = NO;
				ENABLE_STRICT_OBJC_MSGSEND = YES;
				ENABLE_USER_SCRIPT_SANDBOXING = YES;
				GCC_C_LANGUAGE_STANDARD = gnu17;
				GCC_NO_COMMON_BLOCKS = YES;
				GCC_WARN_64_TO_32_BIT_CONVERSION = YES;
				GCC_WARN_ABOUT_RETURN_TYPE = YES_ERROR;
				GCC_WARN_UNDECLARED_SELECTOR = YES;
				GCC_WARN_UNINITIALIZED_AUTOS = YES_AGGRESSIVE;
				GCC_WARN_UNUSED_FUNCTION = YES;
				GCC_WARN_UNUSED_VARIABLE = YES;
				IPHONEOS_DEPLOYMENT_TARGET = 17.2;
				LOCALIZATION_PREFERS_STRING_CATALOGS = YES;
				MTL_ENABLE_DEBUG_INFO = NO;
				MTL_FAST_MATH = YES;
				SDKROOT = iphoneos;
				SWIFT_COMPILATION_MODE = wholemodule;
				VALIDATE_PRODUCT = YES;
			};
			name = Release;
		};
		7A0789BF2B83C61500EBE3D6 /* Debug */ = {
			isa = XCBuildConfiguration;
			baseConfigurationReference = 5AF5AE12762C4287347D5DA6 /* Pods-MeetL.debug.xcconfig */;
			buildSettings = {
				ASSETCATALOG_COMPILER_APPICON_NAME = AppIcon;
				ASSETCATALOG_COMPILER_GLOBAL_ACCENT_COLOR_NAME = AccentColor;
				CODE_SIGN_STYLE = Automatic;
				CURRENT_PROJECT_VERSION = 1;
				DEVELOPMENT_TEAM = 9D45S4H6SM;
				GENERATE_INFOPLIST_FILE = YES;
				INFOPLIST_FILE = MeetL/Info.plist;
				INFOPLIST_KEY_UIApplicationSupportsIndirectInputEvents = YES;
				INFOPLIST_KEY_UILaunchStoryboardName = LaunchScreen;
				INFOPLIST_KEY_UIMainStoryboardFile = Main;
				INFOPLIST_KEY_UISupportedInterfaceOrientations_iPad = "UIInterfaceOrientationPortrait UIInterfaceOrientationPortraitUpsideDown UIInterfaceOrientationLandscapeLeft UIInterfaceOrientationLandscapeRight";
				INFOPLIST_KEY_UISupportedInterfaceOrientations_iPhone = "UIInterfaceOrientationPortrait UIInterfaceOrientationLandscapeLeft UIInterfaceOrientationLandscapeRight";
				LD_RUNPATH_SEARCH_PATHS = (
					"$(inherited)",
					"@executable_path/Frameworks",
				);
				MARKETING_VERSION = 1.0;
				PRODUCT_BUNDLE_IDENTIFIER = strkglya108.MeetL;
				PRODUCT_NAME = "$(TARGET_NAME)";
				SWIFT_EMIT_LOC_STRINGS = YES;
				SWIFT_VERSION = 5.0;
				TARGETED_DEVICE_FAMILY = "1,2";
			};
			name = Debug;
		};
		7A0789C02B83C61500EBE3D6 /* Release */ = {
			isa = XCBuildConfiguration;
			baseConfigurationReference = B599D8F77B6CE3D8AC56AE87 /* Pods-MeetL.release.xcconfig */;
			buildSettings = {
				ASSETCATALOG_COMPILER_APPICON_NAME = AppIcon;
				ASSETCATALOG_COMPILER_GLOBAL_ACCENT_COLOR_NAME = AccentColor;
				CODE_SIGN_STYLE = Automatic;
				CURRENT_PROJECT_VERSION = 1;
				DEVELOPMENT_TEAM = 9D45S4H6SM;
				GENERATE_INFOPLIST_FILE = YES;
				INFOPLIST_FILE = MeetL/Info.plist;
				INFOPLIST_KEY_UIApplicationSupportsIndirectInputEvents = YES;
				INFOPLIST_KEY_UILaunchStoryboardName = LaunchScreen;
				INFOPLIST_KEY_UIMainStoryboardFile = Main;
				INFOPLIST_KEY_UISupportedInterfaceOrientations_iPad = "UIInterfaceOrientationPortrait UIInterfaceOrientationPortraitUpsideDown UIInterfaceOrientationLandscapeLeft UIInterfaceOrientationLandscapeRight";
				INFOPLIST_KEY_UISupportedInterfaceOrientations_iPhone = "UIInterfaceOrientationPortrait UIInterfaceOrientationLandscapeLeft UIInterfaceOrientationLandscapeRight";
				LD_RUNPATH_SEARCH_PATHS = (
					"$(inherited)",
					"@executable_path/Frameworks",
				);
				MARKETING_VERSION = 1.0;
				PRODUCT_BUNDLE_IDENTIFIER = strkglya108.MeetL;
				PRODUCT_NAME = "$(TARGET_NAME)";
				SWIFT_EMIT_LOC_STRINGS = YES;
				SWIFT_VERSION = 5.0;
				TARGETED_DEVICE_FAMILY = "1,2";
			};
			name = Release;
		};
/* End XCBuildConfiguration section */

/* Begin XCConfigurationList section */
		7A0789A22B83C61400EBE3D6 /* Build configuration list for PBXProject "MeetL" */ = {
			isa = XCConfigurationList;
			buildConfigurations = (
				7A0789BC2B83C61500EBE3D6 /* Debug */,
				7A0789BD2B83C61500EBE3D6 /* Release */,
			);
			defaultConfigurationIsVisible = 0;
			defaultConfigurationName = Release;
		};
		7A0789BE2B83C61500EBE3D6 /* Build configuration list for PBXNativeTarget "MeetL" */ = {
			isa = XCConfigurationList;
			buildConfigurations = (
				7A0789BF2B83C61500EBE3D6 /* Debug */,
				7A0789C02B83C61500EBE3D6 /* Release */,
			);
			defaultConfigurationIsVisible = 0;
			defaultConfigurationName = Release;
		};
/* End XCConfigurationList section */

/* Begin XCVersionGroup section */
		7A0789B32B83C61400EBE3D6 /* MeetL.xcdatamodeld */ = {
			isa = XCVersionGroup;
			children = (
				7A0789B42B83C61400EBE3D6 /* MeetL.xcdatamodel */,
			);
			currentVersion = 7A0789B42B83C61400EBE3D6 /* MeetL.xcdatamodel */;
			path = MeetL.xcdatamodeld;
			sourceTree = "<group>";
			versionGroupType = wrapper.xcdatamodel;
		};
/* End XCVersionGroup section */
	};
	rootObject = 7A07899F2B83C61400EBE3D6 /* Project object */;
}
