// !$*UTF8*$!
{
	archiveVersion = 1;
	classes = {
	};
	objectVersion = 56;
	objects = {

/* Begin PBXBuildFile section */
		7A0789AB2B83C61400EBE3D6 /* AppDelegate.swift in Sources */ = {isa = PBXBuildFile; fileRef = 7A0789AA2B83C61400EBE3D6 /* AppDelegate.swift */; };
		7A0789AD2B83C61400EBE3D6 /* SceneDelegate.swift in Sources */ = {isa = PBXBuildFile; fileRef = 7A0789AC2B83C61400EBE3D6 /* SceneDelegate.swift */; };
		7A0789AF2B83C61400EBE3D6 /* ViewController.swift in Sources */ = {isa = PBXBuildFile; fileRef = 7A0789AE2B83C61400EBE3D6 /* ViewController.swift */; };
		7A0789B22B83C61400EBE3D6 /* Main.storyboard in Resources */ = {isa = PBXBuildFile; fileRef = 7A0789B02B83C61400EBE3D6 /* Main.storyboard */; };
		7A0789B52B83C61400EBE3D6 /* MeetL.xcdatamodeld in Sources */ = {isa = PBXBuildFile; fileRef = 7A0789B32B83C61400EBE3D6 /* MeetL.xcdatamodeld */; };
		7A0789B72B83C61500EBE3D6 /* Assets.xcassets in Resources */ = {isa = PBXBuildFile; fileRef = 7A0789B62B83C61500EBE3D6 /* Assets.xcassets */; };
		7A0789BA2B83C61500EBE3D6 /* LaunchScreen.storyboard in Resources */ = {isa = PBXBuildFile; fileRef = 7A0789B82B83C61500EBE3D6 /* LaunchScreen.storyboard */; };
		7A0789C22B83C66F00EBE3D6 /* UserLoadService.swift in Sources */ = {isa = PBXBuildFile; fileRef = 7A0789C12B83C66E00EBE3D6 /* UserLoadService.swift */; };
		7A0789C42B83C6E800EBE3D6 /* Constants.swift in Sources */ = {isa = PBXBuildFile; fileRef = 7A0789C32B83C6E800EBE3D6 /* Constants.swift */; };
		7A0789CA2B83D1C200EBE3D6 /* UserViewModel.swift in Sources */ = {isa = PBXBuildFile; fileRef = 7A0789C92B83D1C100EBE3D6 /* UserViewModel.swift */; };
		7A0789CE2B84C41000EBE3D6 /* User.swift in Sources */ = {isa = PBXBuildFile; fileRef = 7A0789CD2B84C41000EBE3D6 /* User.swift */; };
		7A0789D02B84C4D200EBE3D6 /* UserFromJson.swift in Sources */ = {isa = PBXBuildFile; fileRef = 7A0789CF2B84C4D200EBE3D6 /* UserFromJson.swift */; };
		7A0789E32B88F0DE00EBE3D6 /* UserCard.xib in Resources */ = {isa = PBXBuildFile; fileRef = 7A0789E22B88F0DE00EBE3D6 /* UserCard.xib */; };
		7A0789E52B88F0E800EBE3D6 /* UserCardController.swift in Sources */ = {isa = PBXBuildFile; fileRef = 7A0789E42B88F0E800EBE3D6 /* UserCardController.swift */; };
		7A07E7A22B8E56F400E9B277 /* UserDetails.storyboard in Resources */ = {isa = PBXBuildFile; fileRef = 7A07E7A12B8E56F400E9B277 /* UserDetails.storyboard */; };
		7A07E7A42B8E570D00E9B277 /* UserDetailsController.swift in Sources */ = {isa = PBXBuildFile; fileRef = 7A07E7A32B8E570D00E9B277 /* UserDetailsController.swift */; };
		7A12909F2BADFD1F00F4BBF4 /* LikedPersonData+CoreDataProperties.swift in Sources */ = {isa = PBXBuildFile; fileRef = 7A12909D2BADFD1F00F4BBF4 /* LikedPersonData+CoreDataProperties.swift */; };
		7A1290A02BADFD1F00F4BBF4 /* LikedPersonData+CoreDataClass.swift in Sources */ = {isa = PBXBuildFile; fileRef = 7A12909E2BADFD1F00F4BBF4 /* LikedPersonData+CoreDataClass.swift */; };
		7A1290AB2BAE066400F4BBF4 /* PersonalPageData+CoreDataClass.swift in Sources */ = {isa = PBXBuildFile; fileRef = 7A1290A92BAE066400F4BBF4 /* PersonalPageData+CoreDataClass.swift */; };
		7A1290AC2BAE066400F4BBF4 /* PersonalPageData+CoreDataProperties.swift in Sources */ = {isa = PBXBuildFile; fileRef = 7A1290AA2BAE066400F4BBF4 /* PersonalPageData+CoreDataProperties.swift */; };
		7A12F59B2BBC746B00045BC8 /* FilterViewModel.swift in Sources */ = {isa = PBXBuildFile; fileRef = 7A12F59A2BBC746B00045BC8 /* FilterViewModel.swift */; };
		7A12F59D2BBC748B00045BC8 /* ChatsViewModel.swift in Sources */ = {isa = PBXBuildFile; fileRef = 7A12F59C2BBC748B00045BC8 /* ChatsViewModel.swift */; };
		7A12F59F2BBC74D500045BC8 /* PersonalPageViewModel.swift in Sources */ = {isa = PBXBuildFile; fileRef = 7A12F59E2BBC74D500045BC8 /* PersonalPageViewModel.swift */; };
		7A32A04A2B93701900E6BD99 /* PersonalPageController.swift in Sources */ = {isa = PBXBuildFile; fileRef = 7A32A0492B93701900E6BD99 /* PersonalPageController.swift */; };
		7A32A04C2B93705400E6BD99 /* PersonalPage.storyboard in Resources */ = {isa = PBXBuildFile; fileRef = 7A32A04B2B93705400E6BD99 /* PersonalPage.storyboard */; };
		7A3DADD22B8A800200142CC7 /* CoreDataService.swift in Sources */ = {isa = PBXBuildFile; fileRef = 7A3DADD12B8A800200142CC7 /* CoreDataService.swift */; };
		7A4DC54E2BB89ABF00110819 /* MultiSlider in Frameworks */ = {isa = PBXBuildFile; productRef = 7A4DC54D2BB89ABF00110819 /* MultiSlider */; };
		7A4DC5502BB8A65D00110819 /* Slider.swift in Sources */ = {isa = PBXBuildFile; fileRef = 7A4DC54F2BB8A65D00110819 /* Slider.swift */; };
		7A52DF2F2BA3767300FE73E3 /* UserModel.swift in Sources */ = {isa = PBXBuildFile; fileRef = 7A52DF2E2BA3767300FE73E3 /* UserModel.swift */; };
		7A76B8B82B9796D800E94618 /* Chats.storyboard in Resources */ = {isa = PBXBuildFile; fileRef = 7A76B8B72B9796D800E94618 /* Chats.storyboard */; };
		7A76B8BC2B97970800E94618 /* ChatsController.swift in Sources */ = {isa = PBXBuildFile; fileRef = 7A76B8BB2B97970800E94618 /* ChatsController.swift */; };
		7A76B8BE2B97978D00E94618 /* ChatCell.swift in Sources */ = {isa = PBXBuildFile; fileRef = 7A76B8BD2B97978D00E94618 /* ChatCell.swift */; };
		7AB3A3AE2BC1DCB6001285F4 /* Filter.swift in Sources */ = {isa = PBXBuildFile; fileRef = 7AB3A3AD2BC1DCB6001285F4 /* Filter.swift */; };
		7ABB33642BC7CCC300FCF75F /* Localizable.xcstrings in Resources */ = {isa = PBXBuildFile; fileRef = 7ABB33632BC7CCC300FCF75F /* Localizable.xcstrings */; };
		7AE18D182BAF45400049D36C /* IQKeyboardManagerSwift in Frameworks */ = {isa = PBXBuildFile; productRef = 7AE18D172BAF45400049D36C /* IQKeyboardManagerSwift */; };
		7AEBB5A42BAC9DB8006A333F /* FilterPage.storyboard in Resources */ = {isa = PBXBuildFile; fileRef = 7AEBB5A32BAC9DB8006A333F /* FilterPage.storyboard */; };
		7AEBB5A62BAC9DDB006A333F /* FilterController.swift in Sources */ = {isa = PBXBuildFile; fileRef = 7AEBB5A52BAC9DDB006A333F /* FilterController.swift */; };
		7AEBB5A82BACACFB006A333F /* TabBarController.swift in Sources */ = {isa = PBXBuildFile; fileRef = 7AEBB5A72BACACFB006A333F /* TabBarController.swift */; };
/* End PBXBuildFile section */

/* Begin PBXFileReference section */
		7A0789A72B83C61400EBE3D6 /* MeetL.app */ = {isa = PBXFileReference; explicitFileType = wrapper.application; includeInIndex = 0; path = MeetL.app; sourceTree = BUILT_PRODUCTS_DIR; };
		7A0789AA2B83C61400EBE3D6 /* AppDelegate.swift */ = {isa = PBXFileReference; lastKnownFileType = sourcecode.swift; path = AppDelegate.swift; sourceTree = "<group>"; };
		7A0789AC2B83C61400EBE3D6 /* SceneDelegate.swift */ = {isa = PBXFileReference; lastKnownFileType = sourcecode.swift; path = SceneDelegate.swift; sourceTree = "<group>"; };
		7A0789AE2B83C61400EBE3D6 /* ViewController.swift */ = {isa = PBXFileReference; lastKnownFileType = sourcecode.swift; path = ViewController.swift; sourceTree = "<group>"; };
		7A0789B12B83C61400EBE3D6 /* Base */ = {isa = PBXFileReference; lastKnownFileType = file.storyboard; name = Base; path = Base.lproj/Main.storyboard; sourceTree = "<group>"; };
		7A0789B42B83C61400EBE3D6 /* MeetL.xcdatamodel */ = {isa = PBXFileReference; lastKnownFileType = wrapper.xcdatamodel; path = MeetL.xcdatamodel; sourceTree = "<group>"; };
		7A0789B62B83C61500EBE3D6 /* Assets.xcassets */ = {isa = PBXFileReference; lastKnownFileType = folder.assetcatalog; path = Assets.xcassets; sourceTree = "<group>"; };
		7A0789B92B83C61500EBE3D6 /* Base */ = {isa = PBXFileReference; lastKnownFileType = file.storyboard; name = Base; path = Base.lproj/LaunchScreen.storyboard; sourceTree = "<group>"; };
		7A0789BB2B83C61500EBE3D6 /* Info.plist */ = {isa = PBXFileReference; lastKnownFileType = text.plist.xml; path = Info.plist; sourceTree = "<group>"; };
		7A0789C12B83C66E00EBE3D6 /* UserLoadService.swift */ = {isa = PBXFileReference; lastKnownFileType = sourcecode.swift; path = UserLoadService.swift; sourceTree = "<group>"; };
		7A0789C32B83C6E800EBE3D6 /* Constants.swift */ = {isa = PBXFileReference; lastKnownFileType = sourcecode.swift; path = Constants.swift; sourceTree = "<group>"; };
		7A0789C92B83D1C100EBE3D6 /* UserViewModel.swift */ = {isa = PBXFileReference; lastKnownFileType = sourcecode.swift; path = UserViewModel.swift; sourceTree = "<group>"; };
		7A0789CD2B84C41000EBE3D6 /* User.swift */ = {isa = PBXFileReference; lastKnownFileType = sourcecode.swift; path = User.swift; sourceTree = "<group>"; };
		7A0789CF2B84C4D200EBE3D6 /* UserFromJson.swift */ = {isa = PBXFileReference; lastKnownFileType = sourcecode.swift; path = UserFromJson.swift; sourceTree = "<group>"; };
		7A0789E22B88F0DE00EBE3D6 /* UserCard.xib */ = {isa = PBXFileReference; lastKnownFileType = file.xib; path = UserCard.xib; sourceTree = "<group>"; };
		7A0789E42B88F0E800EBE3D6 /* UserCardController.swift */ = {isa = PBXFileReference; lastKnownFileType = sourcecode.swift; path = UserCardController.swift; sourceTree = "<group>"; };
		7A07E7A12B8E56F400E9B277 /* UserDetails.storyboard */ = {isa = PBXFileReference; lastKnownFileType = file.storyboard; path = UserDetails.storyboard; sourceTree = "<group>"; };
		7A07E7A32B8E570D00E9B277 /* UserDetailsController.swift */ = {isa = PBXFileReference; lastKnownFileType = sourcecode.swift; path = UserDetailsController.swift; sourceTree = "<group>"; };
		7A12909D2BADFD1F00F4BBF4 /* LikedPersonData+CoreDataProperties.swift */ = {isa = PBXFileReference; fileEncoding = 4; lastKnownFileType = sourcecode.swift; path = "LikedPersonData+CoreDataProperties.swift"; sourceTree = "<group>"; };
		7A12909E2BADFD1F00F4BBF4 /* LikedPersonData+CoreDataClass.swift */ = {isa = PBXFileReference; fileEncoding = 4; lastKnownFileType = sourcecode.swift; path = "LikedPersonData+CoreDataClass.swift"; sourceTree = "<group>"; };
		7A1290A92BAE066400F4BBF4 /* PersonalPageData+CoreDataClass.swift */ = {isa = PBXFileReference; lastKnownFileType = sourcecode.swift; path = "PersonalPageData+CoreDataClass.swift"; sourceTree = "<group>"; };
		7A1290AA2BAE066400F4BBF4 /* PersonalPageData+CoreDataProperties.swift */ = {isa = PBXFileReference; lastKnownFileType = sourcecode.swift; path = "PersonalPageData+CoreDataProperties.swift"; sourceTree = "<group>"; };
		7A12F59A2BBC746B00045BC8 /* FilterViewModel.swift */ = {isa = PBXFileReference; lastKnownFileType = sourcecode.swift; path = FilterViewModel.swift; sourceTree = "<group>"; };
		7A12F59C2BBC748B00045BC8 /* ChatsViewModel.swift */ = {isa = PBXFileReference; lastKnownFileType = sourcecode.swift; path = ChatsViewModel.swift; sourceTree = "<group>"; };
		7A12F59E2BBC74D500045BC8 /* PersonalPageViewModel.swift */ = {isa = PBXFileReference; lastKnownFileType = sourcecode.swift; path = PersonalPageViewModel.swift; sourceTree = "<group>"; };
		7A32A0492B93701900E6BD99 /* PersonalPageController.swift */ = {isa = PBXFileReference; lastKnownFileType = sourcecode.swift; path = PersonalPageController.swift; sourceTree = "<group>"; };
		7A32A04B2B93705400E6BD99 /* PersonalPage.storyboard */ = {isa = PBXFileReference; lastKnownFileType = file.storyboard; path = PersonalPage.storyboard; sourceTree = "<group>"; };
		7A3DADD12B8A800200142CC7 /* CoreDataService.swift */ = {isa = PBXFileReference; lastKnownFileType = sourcecode.swift; path = CoreDataService.swift; sourceTree = "<group>"; };
		7A4DC54F2BB8A65D00110819 /* Slider.swift */ = {isa = PBXFileReference; lastKnownFileType = sourcecode.swift; path = Slider.swift; sourceTree = "<group>"; };
		7A52DF2E2BA3767300FE73E3 /* UserModel.swift */ = {isa = PBXFileReference; lastKnownFileType = sourcecode.swift; path = UserModel.swift; sourceTree = "<group>"; };
		7A76B8B72B9796D800E94618 /* Chats.storyboard */ = {isa = PBXFileReference; lastKnownFileType = file.storyboard; path = Chats.storyboard; sourceTree = "<group>"; };
		7A76B8BB2B97970800E94618 /* ChatsController.swift */ = {isa = PBXFileReference; lastKnownFileType = sourcecode.swift; path = ChatsController.swift; sourceTree = "<group>"; };
		7A76B8BD2B97978D00E94618 /* ChatCell.swift */ = {isa = PBXFileReference; lastKnownFileType = sourcecode.swift; path = ChatCell.swift; sourceTree = "<group>"; };
		7AB3A3AD2BC1DCB6001285F4 /* Filter.swift */ = {isa = PBXFileReference; lastKnownFileType = sourcecode.swift; path = Filter.swift; sourceTree = "<group>"; };
		7ABB33632BC7CCC300FCF75F /* Localizable.xcstrings */ = {isa = PBXFileReference; lastKnownFileType = text.json.xcstrings; path = Localizable.xcstrings; sourceTree = "<group>"; };
		7AEBB5A32BAC9DB8006A333F /* FilterPage.storyboard */ = {isa = PBXFileReference; lastKnownFileType = file.storyboard; path = FilterPage.storyboard; sourceTree = "<group>"; };
		7AEBB5A52BAC9DDB006A333F /* FilterController.swift */ = {isa = PBXFileReference; lastKnownFileType = sourcecode.swift; path = FilterController.swift; sourceTree = "<group>"; };
		7AEBB5A72BACACFB006A333F /* TabBarController.swift */ = {isa = PBXFileReference; lastKnownFileType = sourcecode.swift; path = TabBarController.swift; sourceTree = "<group>"; };
/* End PBXFileReference section */

/* Begin PBXFrameworksBuildPhase section */
		7A0789A42B83C61400EBE3D6 /* Frameworks */ = {
			isa = PBXFrameworksBuildPhase;
			buildActionMask = 2147483647;
			files = (
				7AE18D182BAF45400049D36C /* IQKeyboardManagerSwift in Frameworks */,
				7A4DC54E2BB89ABF00110819 /* MultiSlider in Frameworks */,
			);
			runOnlyForDeploymentPostprocessing = 0;
		};
/* End PBXFrameworksBuildPhase section */

/* Begin PBXGroup section */
		7A07899E2B83C61400EBE3D6 = {
			isa = PBXGroup;
			children = (
				7A0789A92B83C61400EBE3D6 /* MeetL */,
				7A0789A82B83C61400EBE3D6 /* Products */,
			);
			sourceTree = "<group>";
		};
		7A0789A82B83C61400EBE3D6 /* Products */ = {
			isa = PBXGroup;
			children = (
				7A0789A72B83C61400EBE3D6 /* MeetL.app */,
			);
			name = Products;
			sourceTree = "<group>";
		};
		7A0789A92B83C61400EBE3D6 /* MeetL */ = {
			isa = PBXGroup;
			children = (
				7ABB33602BC6888700FCF75F /* Main screen */,
				7A0789D22B84C58200EBE3D6 /* Models */,
				7ABB335F2BC6886B00FCF75F /* Personal page */,
				7ABB335E2BC686A200FCF75F /* Liked users */,
				7ABB335D2BC6852400FCF75F /* Filters */,
				7ABB335C2BC684EE00FCF75F /* Support */,
				7A0789D32B84E82C00EBE3D6 /* Services */,
				7A0789BB2B83C61500EBE3D6 /* Info.plist */,
				7ABB33632BC7CCC300FCF75F /* Localizable.xcstrings */,
			);
			path = MeetL;
			sourceTree = "<group>";
		};
		7A0789D22B84C58200EBE3D6 /* Models */ = {
			isa = PBXGroup;
			children = (
				7A0789CD2B84C41000EBE3D6 /* User.swift */,
				7A0789CF2B84C4D200EBE3D6 /* UserFromJson.swift */,
				7A52DF2E2BA3767300FE73E3 /* UserModel.swift */,
			);
			path = Models;
			sourceTree = "<group>";
		};
		7A0789D32B84E82C00EBE3D6 /* Services */ = {
			isa = PBXGroup;
			children = (
				7A0789C12B83C66E00EBE3D6 /* UserLoadService.swift */,
				7A3DADD12B8A800200142CC7 /* CoreDataService.swift */,
				7AEBB5A72BACACFB006A333F /* TabBarController.swift */,
			);
			path = Services;
			sourceTree = "<group>";
		};
		7A1290972BADFB0400F4BBF4 /* UsersToSwipe */ = {
			isa = PBXGroup;
			children = (
				7A12909E2BADFD1F00F4BBF4 /* LikedPersonData+CoreDataClass.swift */,
				7A12909D2BADFD1F00F4BBF4 /* LikedPersonData+CoreDataProperties.swift */,
			);
			path = UsersToSwipe;
			sourceTree = "<group>";
		};
		7A1290982BADFB1400F4BBF4 /* PersonalInfo */ = {
			isa = PBXGroup;
			children = (
				7A1290A92BAE066400F4BBF4 /* PersonalPageData+CoreDataClass.swift */,
				7A1290AA2BAE066400F4BBF4 /* PersonalPageData+CoreDataProperties.swift */,
			);
			path = PersonalInfo;
			sourceTree = "<group>";
		};
		7A3DADD32B8A801300142CC7 /* CoreDataFiles */ = {
			isa = PBXGroup;
			children = (
				7A1290982BADFB1400F4BBF4 /* PersonalInfo */,
				7A1290972BADFB0400F4BBF4 /* UsersToSwipe */,
			);
			path = CoreDataFiles;
			sourceTree = "<group>";
		};
		7ABB335C2BC684EE00FCF75F /* Support */ = {
			isa = PBXGroup;
			children = (
				7A3DADD32B8A801300142CC7 /* CoreDataFiles */,
				7A4DC54F2BB8A65D00110819 /* Slider.swift */,
				7A0789B32B83C61400EBE3D6 /* MeetL.xcdatamodeld */,
				7A0789B82B83C61500EBE3D6 /* LaunchScreen.storyboard */,
				7A0789B62B83C61500EBE3D6 /* Assets.xcassets */,
				7A0789C32B83C6E800EBE3D6 /* Constants.swift */,
				7A0789AA2B83C61400EBE3D6 /* AppDelegate.swift */,
				7A0789AC2B83C61400EBE3D6 /* SceneDelegate.swift */,
			);
			path = Support;
			sourceTree = "<group>";
		};
		7ABB335D2BC6852400FCF75F /* Filters */ = {
			isa = PBXGroup;
			children = (
				7AB3A3AD2BC1DCB6001285F4 /* Filter.swift */,
				7A12F59A2BBC746B00045BC8 /* FilterViewModel.swift */,
				7AEBB5A52BAC9DDB006A333F /* FilterController.swift */,
				7AEBB5A32BAC9DB8006A333F /* FilterPage.storyboard */,
			);
			path = Filters;
			sourceTree = "<group>";
		};
		7ABB335E2BC686A200FCF75F /* Liked users */ = {
			isa = PBXGroup;
			children = (
				7A76B8B72B9796D800E94618 /* Chats.storyboard */,
				7A76B8BB2B97970800E94618 /* ChatsController.swift */,
				7A76B8BD2B97978D00E94618 /* ChatCell.swift */,
				7A12F59C2BBC748B00045BC8 /* ChatsViewModel.swift */,
			);
			path = "Liked users";
			sourceTree = "<group>";
		};
		7ABB335F2BC6886B00FCF75F /* Personal page */ = {
			isa = PBXGroup;
			children = (
				7A32A04B2B93705400E6BD99 /* PersonalPage.storyboard */,
				7A32A0492B93701900E6BD99 /* PersonalPageController.swift */,
				7A12F59E2BBC74D500045BC8 /* PersonalPageViewModel.swift */,
			);
			path = "Personal page";
			sourceTree = "<group>";
		};
		7ABB33602BC6888700FCF75F /* Main screen */ = {
			isa = PBXGroup;
			children = (
				7ABB33622BC688D500FCF75F /* User details */,
				7ABB33612BC688CA00FCF75F /* Card */,
				7A0789B02B83C61400EBE3D6 /* Main.storyboard */,
				7A0789AE2B83C61400EBE3D6 /* ViewController.swift */,
				7A0789C92B83D1C100EBE3D6 /* UserViewModel.swift */,
			);
			path = "Main screen";
			sourceTree = "<group>";
		};
		7ABB33612BC688CA00FCF75F /* Card */ = {
			isa = PBXGroup;
			children = (
				7A0789E22B88F0DE00EBE3D6 /* UserCard.xib */,
				7A0789E42B88F0E800EBE3D6 /* UserCardController.swift */,
			);
			path = Card;
			sourceTree = "<group>";
		};
		7ABB33622BC688D500FCF75F /* User details */ = {
			isa = PBXGroup;
			children = (
				7A07E7A12B8E56F400E9B277 /* UserDetails.storyboard */,
				7A07E7A32B8E570D00E9B277 /* UserDetailsController.swift */,
			);
			path = "User details";
			sourceTree = "<group>";
		};
/* End PBXGroup section */

/* Begin PBXNativeTarget section */
		7A0789A62B83C61400EBE3D6 /* MeetL */ = {
			isa = PBXNativeTarget;
			buildConfigurationList = 7A0789BE2B83C61500EBE3D6 /* Build configuration list for PBXNativeTarget "MeetL" */;
			buildPhases = (
				7A0789A32B83C61400EBE3D6 /* Sources */,
				7A0789A42B83C61400EBE3D6 /* Frameworks */,
				7A0789A52B83C61400EBE3D6 /* Resources */,
			);
			buildRules = (
			);
			dependencies = (
			);
			name = MeetL;
			packageProductDependencies = (
				7AE18D172BAF45400049D36C /* IQKeyboardManagerSwift */,
				7A4DC54D2BB89ABF00110819 /* MultiSlider */,
			);
			productName = MeetL;
			productReference = 7A0789A72B83C61400EBE3D6 /* MeetL.app */;
			productType = "com.apple.product-type.application";
		};
/* End PBXNativeTarget section */

/* Begin PBXProject section */
		7A07899F2B83C61400EBE3D6 /* Project object */ = {
			isa = PBXProject;
			attributes = {
				BuildIndependentTargetsInParallel = 1;
				LastSwiftUpdateCheck = 1520;
				LastUpgradeCheck = 1520;
				TargetAttributes = {
					7A0789A62B83C61400EBE3D6 = {
						CreatedOnToolsVersion = 15.2;
					};
				};
			};
			buildConfigurationList = 7A0789A22B83C61400EBE3D6 /* Build configuration list for PBXProject "MeetL" */;
			compatibilityVersion = "Xcode 14.0";
			developmentRegion = en;
			hasScannedForEncodings = 0;
			knownRegions = (
				en,
				Base,
				ru,
				pl,
				fr,
				de,
			);
			mainGroup = 7A07899E2B83C61400EBE3D6;
			packageReferences = (
				7AE18D162BAF45400049D36C /* XCRemoteSwiftPackageReference "IQKeyboardManager" */,
				7A4DC54C2BB89ABF00110819 /* XCRemoteSwiftPackageReference "MultiSlider" */,
			);
			productRefGroup = 7A0789A82B83C61400EBE3D6 /* Products */;
			projectDirPath = "";
			projectRoot = "";
			targets = (
				7A0789A62B83C61400EBE3D6 /* MeetL */,
			);
		};
/* End PBXProject section */

/* Begin PBXResourcesBuildPhase section */
		7A0789A52B83C61400EBE3D6 /* Resources */ = {
			isa = PBXResourcesBuildPhase;
			buildActionMask = 2147483647;
			files = (
				7A0789BA2B83C61500EBE3D6 /* LaunchScreen.storyboard in Resources */,
				7A32A04C2B93705400E6BD99 /* PersonalPage.storyboard in Resources */,
				7A0789B72B83C61500EBE3D6 /* Assets.xcassets in Resources */,
				7A0789E32B88F0DE00EBE3D6 /* UserCard.xib in Resources */,
				7A76B8B82B9796D800E94618 /* Chats.storyboard in Resources */,
				7A07E7A22B8E56F400E9B277 /* UserDetails.storyboard in Resources */,
				7A0789B22B83C61400EBE3D6 /* Main.storyboard in Resources */,
				7AEBB5A42BAC9DB8006A333F /* FilterPage.storyboard in Resources */,
				7ABB33642BC7CCC300FCF75F /* Localizable.xcstrings in Resources */,
			);
			runOnlyForDeploymentPostprocessing = 0;
		};
/* End PBXResourcesBuildPhase section */

/* Begin PBXSourcesBuildPhase section */
		7A0789A32B83C61400EBE3D6 /* Sources */ = {
			isa = PBXSourcesBuildPhase;
			buildActionMask = 2147483647;
			files = (
				7A12F59D2BBC748B00045BC8 /* ChatsViewModel.swift in Sources */,
				7A3DADD22B8A800200142CC7 /* CoreDataService.swift in Sources */,
				7A32A04A2B93701900E6BD99 /* PersonalPageController.swift in Sources */,
				7A12909F2BADFD1F00F4BBF4 /* LikedPersonData+CoreDataProperties.swift in Sources */,
				7A0789AF2B83C61400EBE3D6 /* ViewController.swift in Sources */,
				7A0789CA2B83D1C200EBE3D6 /* UserViewModel.swift in Sources */,
				7A0789B52B83C61400EBE3D6 /* MeetL.xcdatamodeld in Sources */,
				7A0789C22B83C66F00EBE3D6 /* UserLoadService.swift in Sources */,
				7A0789AB2B83C61400EBE3D6 /* AppDelegate.swift in Sources */,
				7A1290AB2BAE066400F4BBF4 /* PersonalPageData+CoreDataClass.swift in Sources */,
				7A4DC5502BB8A65D00110819 /* Slider.swift in Sources */,
				7A12F59B2BBC746B00045BC8 /* FilterViewModel.swift in Sources */,
				7A1290AC2BAE066400F4BBF4 /* PersonalPageData+CoreDataProperties.swift in Sources */,
				7AEBB5A62BAC9DDB006A333F /* FilterController.swift in Sources */,
				7A0789CE2B84C41000EBE3D6 /* User.swift in Sources */,
				7A76B8BE2B97978D00E94618 /* ChatCell.swift in Sources */,
				7A0789AD2B83C61400EBE3D6 /* SceneDelegate.swift in Sources */,
				7AEBB5A82BACACFB006A333F /* TabBarController.swift in Sources */,
				7A52DF2F2BA3767300FE73E3 /* UserModel.swift in Sources */,
				7A0789C42B83C6E800EBE3D6 /* Constants.swift in Sources */,
				7A07E7A42B8E570D00E9B277 /* UserDetailsController.swift in Sources */,
				7A76B8BC2B97970800E94618 /* ChatsController.swift in Sources */,
				7A0789D02B84C4D200EBE3D6 /* UserFromJson.swift in Sources */,
				7A1290A02BADFD1F00F4BBF4 /* LikedPersonData+CoreDataClass.swift in Sources */,
				7A0789E52B88F0E800EBE3D6 /* UserCardController.swift in Sources */,
				7AB3A3AE2BC1DCB6001285F4 /* Filter.swift in Sources */,
				7A12F59F2BBC74D500045BC8 /* PersonalPageViewModel.swift in Sources */,
			);
			runOnlyForDeploymentPostprocessing = 0;
		};
/* End PBXSourcesBuildPhase section */

/* Begin PBXVariantGroup section */
		7A0789B02B83C61400EBE3D6 /* Main.storyboard */ = {
			isa = PBXVariantGroup;
			children = (
				7A0789B12B83C61400EBE3D6 /* Base */,
			);
			name = Main.storyboard;
			sourceTree = "<group>";
		};
		7A0789B82B83C61500EBE3D6 /* LaunchScreen.storyboard */ = {
			isa = PBXVariantGroup;
			children = (
				7A0789B92B83C61500EBE3D6 /* Base */,
			);
			name = LaunchScreen.storyboard;
			sourceTree = "<group>";
		};
/* End PBXVariantGroup section */

/* Begin XCBuildConfiguration section */
		7A0789BC2B83C61500EBE3D6 /* Debug */ = {
			isa = XCBuildConfiguration;
			buildSettings = {
				ALWAYS_SEARCH_USER_PATHS = NO;
				ASSETCATALOG_COMPILER_GENERATE_SWIFT_ASSET_SYMBOL_EXTENSIONS = YES;
				CLANG_ANALYZER_NONNULL = YES;
				CLANG_ANALYZER_NUMBER_OBJECT_CONVERSION = YES_AGGRESSIVE;
				CLANG_CXX_LANGUAGE_STANDARD = "gnu++20";
				CLANG_ENABLE_MODULES = YES;
				CLANG_ENABLE_OBJC_ARC = YES;
				CLANG_ENABLE_OBJC_WEAK = YES;
				CLANG_WARN_BLOCK_CAPTURE_AUTORELEASING = YES;
				CLANG_WARN_BOOL_CONVERSION = YES;
				CLANG_WARN_COMMA = YES;
				CLANG_WARN_CONSTANT_CONVERSION = YES;
				CLANG_WARN_DEPRECATED_OBJC_IMPLEMENTATIONS = YES;
				CLANG_WARN_DIRECT_OBJC_ISA_USAGE = YES_ERROR;
				CLANG_WARN_DOCUMENTATION_COMMENTS = YES;
				CLANG_WARN_EMPTY_BODY = YES;
				CLANG_WARN_ENUM_CONVERSION = YES;
				CLANG_WARN_INFINITE_RECURSION = YES;
				CLANG_WARN_INT_CONVERSION = YES;
				CLANG_WARN_NON_LITERAL_NULL_CONVERSION = YES;
				CLANG_WARN_OBJC_IMPLICIT_RETAIN_SELF = YES;
				CLANG_WARN_OBJC_LITERAL_CONVERSION = YES;
				CLANG_WARN_OBJC_ROOT_CLASS = YES_ERROR;
				CLANG_WARN_QUOTED_INCLUDE_IN_FRAMEWORK_HEADER = YES;
				CLANG_WARN_RANGE_LOOP_ANALYSIS = YES;
				CLANG_WARN_STRICT_PROTOTYPES = YES;
				CLANG_WARN_SUSPICIOUS_MOVE = YES;
				CLANG_WARN_UNGUARDED_AVAILABILITY = YES_AGGRESSIVE;
				CLANG_WARN_UNREACHABLE_CODE = YES;
				CLANG_WARN__DUPLICATE_METHOD_MATCH = YES;
				COPY_PHASE_STRIP = NO;
				DEBUG_INFORMATION_FORMAT = dwarf;
				ENABLE_STRICT_OBJC_MSGSEND = YES;
				ENABLE_TESTABILITY = YES;
				ENABLE_USER_SCRIPT_SANDBOXING = NO;
				GCC_C_LANGUAGE_STANDARD = gnu17;
				GCC_DYNAMIC_NO_PIC = NO;
				GCC_NO_COMMON_BLOCKS = YES;
				GCC_OPTIMIZATION_LEVEL = 0;
				GCC_PREPROCESSOR_DEFINITIONS = (
					"DEBUG=1",
					"$(inherited)",
				);
				GCC_WARN_64_TO_32_BIT_CONVERSION = YES;
				GCC_WARN_ABOUT_RETURN_TYPE = YES_ERROR;
				GCC_WARN_UNDECLARED_SELECTOR = YES;
				GCC_WARN_UNINITIALIZED_AUTOS = YES_AGGRESSIVE;
				GCC_WARN_UNUSED_FUNCTION = YES;
				GCC_WARN_UNUSED_VARIABLE = YES;
				IPHONEOS_DEPLOYMENT_TARGET = 17.2;
				LOCALIZATION_PREFERS_STRING_CATALOGS = YES;
				MTL_ENABLE_DEBUG_INFO = INCLUDE_SOURCE;
				MTL_FAST_MATH = YES;
				ONLY_ACTIVE_ARCH = YES;
				SDKROOT = iphoneos;
				SWIFT_ACTIVE_COMPILATION_CONDITIONS = "DEBUG $(inherited)";
				SWIFT_OPTIMIZATION_LEVEL = "-Onone";
			};
			name = Debug;
		};
		7A0789BD2B83C61500EBE3D6 /* Release */ = {
			isa = XCBuildConfiguration;
			buildSettings = {
				ALWAYS_SEARCH_USER_PATHS = NO;
				ASSETCATALOG_COMPILER_GENERATE_SWIFT_ASSET_SYMBOL_EXTENSIONS = YES;
				CLANG_ANALYZER_NONNULL = YES;
				CLANG_ANALYZER_NUMBER_OBJECT_CONVERSION = YES_AGGRESSIVE;
				CLANG_CXX_LANGUAGE_STANDARD = "gnu++20";
				CLANG_ENABLE_MODULES = YES;
				CLANG_ENABLE_OBJC_ARC = YES;
				CLANG_ENABLE_OBJC_WEAK = YES;
				CLANG_WARN_BLOCK_CAPTURE_AUTORELEASING = YES;
				CLANG_WARN_BOOL_CONVERSION = YES;
				CLANG_WARN_COMMA = YES;
				CLANG_WARN_CONSTANT_CONVERSION = YES;
				CLANG_WARN_DEPRECATED_OBJC_IMPLEMENTATIONS = YES;
				CLANG_WARN_DIRECT_OBJC_ISA_USAGE = YES_ERROR;
				CLANG_WARN_DOCUMENTATION_COMMENTS = YES;
				CLANG_WARN_EMPTY_BODY = YES;
				CLANG_WARN_ENUM_CONVERSION = YES;
				CLANG_WARN_INFINITE_RECURSION = YES;
				CLANG_WARN_INT_CONVERSION = YES;
				CLANG_WARN_NON_LITERAL_NULL_CONVERSION = YES;
				CLANG_WARN_OBJC_IMPLICIT_RETAIN_SELF = YES;
				CLANG_WARN_OBJC_LITERAL_CONVERSION = YES;
				CLANG_WARN_OBJC_ROOT_CLASS = YES_ERROR;
				CLANG_WARN_QUOTED_INCLUDE_IN_FRAMEWORK_HEADER = YES;
				CLANG_WARN_RANGE_LOOP_ANALYSIS = YES;
				CLANG_WARN_STRICT_PROTOTYPES = YES;
				CLANG_WARN_SUSPICIOUS_MOVE = YES;
				CLANG_WARN_UNGUARDED_AVAILABILITY = YES_AGGRESSIVE;
				CLANG_WARN_UNREACHABLE_CODE = YES;
				CLANG_WARN__DUPLICATE_METHOD_MATCH = YES;
				COPY_PHASE_STRIP = NO;
				DEBUG_INFORMATION_FORMAT = "dwarf-with-dsym";
				ENABLE_NS_ASSERTIONS = NO;
				ENABLE_STRICT_OBJC_MSGSEND = YES;
				ENABLE_USER_SCRIPT_SANDBOXING = NO;
				GCC_C_LANGUAGE_STANDARD = gnu17;
				GCC_NO_COMMON_BLOCKS = YES;
				GCC_WARN_64_TO_32_BIT_CONVERSION = YES;
				GCC_WARN_ABOUT_RETURN_TYPE = YES_ERROR;
				GCC_WARN_UNDECLARED_SELECTOR = YES;
				GCC_WARN_UNINITIALIZED_AUTOS = YES_AGGRESSIVE;
				GCC_WARN_UNUSED_FUNCTION = YES;
				GCC_WARN_UNUSED_VARIABLE = YES;
				IPHONEOS_DEPLOYMENT_TARGET = 17.2;
				LOCALIZATION_PREFERS_STRING_CATALOGS = YES;
				MTL_ENABLE_DEBUG_INFO = NO;
				MTL_FAST_MATH = YES;
				SDKROOT = iphoneos;
				SWIFT_COMPILATION_MODE = wholemodule;
				VALIDATE_PRODUCT = YES;
			};
			name = Release;
		};
		7A0789BF2B83C61500EBE3D6 /* Debug */ = {
			isa = XCBuildConfiguration;
			buildSettings = {
				ASSETCATALOG_COMPILER_APPICON_NAME = AppIcon;
				ASSETCATALOG_COMPILER_GLOBAL_ACCENT_COLOR_NAME = AccentColor;
				CODE_SIGN_STYLE = Automatic;
				CURRENT_PROJECT_VERSION = 1;
				DEVELOPMENT_TEAM = 9D45S4H6SM;
				GENERATE_INFOPLIST_FILE = YES;
				INFOPLIST_FILE = MeetL/Info.plist;
				INFOPLIST_KEY_UIApplicationSupportsIndirectInputEvents = YES;
				INFOPLIST_KEY_UILaunchStoryboardName = LaunchScreen;
				INFOPLIST_KEY_UIMainStoryboardFile = Main;
				INFOPLIST_KEY_UISupportedInterfaceOrientations = UIInterfaceOrientationPortrait;
				INFOPLIST_KEY_UISupportedInterfaceOrientations_iPad = "UIInterfaceOrientationLandscapeLeft UIInterfaceOrientationLandscapeRight UIInterfaceOrientationPortrait UIInterfaceOrientationPortraitUpsideDown";
				LD_RUNPATH_SEARCH_PATHS = (
					"$(inherited)",
					"@executable_path/Frameworks",
				);
				MARKETING_VERSION = 1.0;
				PRODUCT_BUNDLE_IDENTIFIER = strkglya108.MeetL;
				PRODUCT_NAME = "$(TARGET_NAME)";
				SWIFT_EMIT_LOC_STRINGS = YES;
				SWIFT_VERSION = 5.0;
				TARGETED_DEVICE_FAMILY = "1,2";
			};
			name = Debug;
		};
		7A0789C02B83C61500EBE3D6 /* Release */ = {
			isa = XCBuildConfiguration;
			buildSettings = {
				ASSETCATALOG_COMPILER_APPICON_NAME = AppIcon;
				ASSETCATALOG_COMPILER_GLOBAL_ACCENT_COLOR_NAME = AccentColor;
				CODE_SIGN_STYLE = Automatic;
				CURRENT_PROJECT_VERSION = 1;
				DEVELOPMENT_TEAM = 9D45S4H6SM;
				GENERATE_INFOPLIST_FILE = YES;
				INFOPLIST_FILE = MeetL/Info.plist;
				INFOPLIST_KEY_UIApplicationSupportsIndirectInputEvents = YES;
				INFOPLIST_KEY_UILaunchStoryboardName = LaunchScreen;
				INFOPLIST_KEY_UIMainStoryboardFile = Main;
				INFOPLIST_KEY_UISupportedInterfaceOrientations = UIInterfaceOrientationPortrait;
				INFOPLIST_KEY_UISupportedInterfaceOrientations_iPad = "UIInterfaceOrientationLandscapeLeft UIInterfaceOrientationLandscapeRight UIInterfaceOrientationPortrait UIInterfaceOrientationPortraitUpsideDown";
				LD_RUNPATH_SEARCH_PATHS = (
					"$(inherited)",
					"@executable_path/Frameworks",
				);
				MARKETING_VERSION = 1.0;
				PRODUCT_BUNDLE_IDENTIFIER = strkglya108.MeetL;
				PRODUCT_NAME = "$(TARGET_NAME)";
				SWIFT_EMIT_LOC_STRINGS = YES;
				SWIFT_VERSION = 5.0;
				TARGETED_DEVICE_FAMILY = "1,2";
			};
			name = Release;
		};
/* End XCBuildConfiguration section */

/* Begin XCConfigurationList section */
		7A0789A22B83C61400EBE3D6 /* Build configuration list for PBXProject "MeetL" */ = {
			isa = XCConfigurationList;
			buildConfigurations = (
				7A0789BC2B83C61500EBE3D6 /* Debug */,
				7A0789BD2B83C61500EBE3D6 /* Release */,
			);
			defaultConfigurationIsVisible = 0;
			defaultConfigurationName = Release;
		};
		7A0789BE2B83C61500EBE3D6 /* Build configuration list for PBXNativeTarget "MeetL" */ = {
			isa = XCConfigurationList;
			buildConfigurations = (
				7A0789BF2B83C61500EBE3D6 /* Debug */,
				7A0789C02B83C61500EBE3D6 /* Release */,
			);
			defaultConfigurationIsVisible = 0;
			defaultConfigurationName = Release;
		};
/* End XCConfigurationList section */

/* Begin XCRemoteSwiftPackageReference section */
		7A4DC54C2BB89ABF00110819 /* XCRemoteSwiftPackageReference "MultiSlider" */ = {
			isa = XCRemoteSwiftPackageReference;
			repositoryURL = "https://github.com/yonat/MultiSlider";
			requirement = {
				kind = upToNextMajorVersion;
				minimumVersion = 2.1.2;
			};
		};
		7AE18D162BAF45400049D36C /* XCRemoteSwiftPackageReference "IQKeyboardManager" */ = {
			isa = XCRemoteSwiftPackageReference;
			repositoryURL = "https://github.com/hackiftekhar/IQKeyboardManager.git";
			requirement = {
				kind = upToNextMajorVersion;
				minimumVersion = 7.0.2;
			};
		};
/* End XCRemoteSwiftPackageReference section */

/* Begin XCSwiftPackageProductDependency section */
		7A4DC54D2BB89ABF00110819 /* MultiSlider */ = {
			isa = XCSwiftPackageProductDependency;
			package = 7A4DC54C2BB89ABF00110819 /* XCRemoteSwiftPackageReference "MultiSlider" */;
			productName = MultiSlider;
		};
		7AE18D172BAF45400049D36C /* IQKeyboardManagerSwift */ = {
			isa = XCSwiftPackageProductDependency;
			package = 7AE18D162BAF45400049D36C /* XCRemoteSwiftPackageReference "IQKeyboardManager" */;
			productName = IQKeyboardManagerSwift;
		};
/* End XCSwiftPackageProductDependency section */

/* Begin XCVersionGroup section */
		7A0789B32B83C61400EBE3D6 /* MeetL.xcdatamodeld */ = {
			isa = XCVersionGroup;
			children = (
				7A0789B42B83C61400EBE3D6 /* MeetL.xcdatamodel */,
			);
			currentVersion = 7A0789B42B83C61400EBE3D6 /* MeetL.xcdatamodel */;
			path = MeetL.xcdatamodeld;
			sourceTree = "<group>";
			versionGroupType = wrapper.xcdatamodel;
		};
/* End XCVersionGroup section */
	};
	rootObject = 7A07899F2B83C61400EBE3D6 /* Project object */;
}
